
Microsoft Visual Studio Solution File, Format Version 12.00
# Visual Studio 15
VisualStudioVersion = 15.0.28307.902
MinimumVisualStudioVersion = 10.0.40219.1
Project("{FAE04EC0-301F-11D3-BF4B-00C04F79EFBC}") = "GIT", "GIT\GIT.csproj", "{D137066E-D648-428E-88F8-8332F94603E1}"
EndProject
Global
	GlobalSection(SolutionConfigurationPlatforms) = preSolution
		Debug|Any CPU = Debug|Any CPU
		Release|Any CPU = Release|Any CPU
	EndGlobalSection
	GlobalSection(ProjectConfigurationPlatforms) = postSolution
		{D137066E-D648-428E-88F8-8332F94603E1}.Debug|Any CPU.ActiveCfg = Debug|Any CPU
		{D137066E-D648-428E-88F8-8332F94603E1}.Debug|Any CPU.Build.0 = Debug|Any CPU
		{D137066E-D648-428E-88F8-8332F94603E1}.Release|Any CPU.ActiveCfg = Release|Any CPU
		{D137066E-D648-428E-88F8-8332F94603E1}.Release|Any CPU.Build.0 = Release|Any CPU
	EndGlobalSection
	GlobalSection(SolutionProperties) = preSolution
		HideSolutionNode = FALSE
	EndGlobalSection
	GlobalSection(ExtensibilityGlobals) = postSolution
		SolutionGuid = {AAB43475-497D-44B5-8F78-4216AB49E843}
	EndGlobalSection
EndGlobal
